
Microsoft Visual Studio Solution File, Format Version 11.00
# Visual Studio 2010
Project("{FAE04EC0-301F-11D3-BF4B-00C04F79EFBC}") = "RedBadger.PocketMechanic.Phone", "RedBadger.PocketMechanic.Phone\RedBadger.PocketMechanic.Phone\RedBadger.PocketMechanic.Phone.csproj", "{871FFD48-507B-4784-9501-F56599CB8075}"
EndProject
Project("{96E2B04D-8817-42C6-938A-82C39BA4D311}") = "RedBadger.PocketMechanic.PhoneContent", "RedBadger.PocketMechanic.Phone\RedBadger.PocketMechanic.PhoneContent\RedBadger.PocketMechanic.PhoneContent.contentproj", "{D9FEA3BD-E505-4B17-849E-660D2210961C}"
EndProject
Project("{FAE04EC0-301F-11D3-BF4B-00C04F79EFBC}") = "RedBadger.Xpf.Phone", "RedBadger.Xpf.Phone\RedBadger.Xpf.Phone.csproj", "{545640ED-7CE0-4DBE-A060-251C61F3AEF6}"
EndProject
Project("{FAE04EC0-301F-11D3-BF4B-00C04F79EFBC}") = "RedBadger.Xpf.Phone.Specs", "RedBadger.Xpf.Phone.Specs\RedBadger.Xpf.Phone.Specs.csproj", "{0A56FD4B-DA4D-4367-BBFE-7F39162AE702}"
EndProject
Project("{FAE04EC0-301F-11D3-BF4B-00C04F79EFBC}") = "RedBadger.PocketMechanic.Phone.Specs", "RedBadger.PocketMechanic.Phone.Specs\RedBadger.PocketMechanic.Phone.Specs.csproj", "{023AEA18-3EFB-4A00-B926-E449AB008EFE}"
EndProject
Project("{2150E333-8FDC-42A3-9474-1A3956D46DE8}") = "Specs", "Specs", "{5EDCFF94-560F-4EB3-A6D2-2159526A0780}"
EndProject
Global
	GlobalSection(SolutionConfigurationPlatforms) = preSolution
		Debug|Any CPU = Debug|Any CPU
		Debug|Mixed Platforms = Debug|Mixed Platforms
		Debug|Windows Phone = Debug|Windows Phone
		Release|Any CPU = Release|Any CPU
		Release|Mixed Platforms = Release|Mixed Platforms
		Release|Windows Phone = Release|Windows Phone
	EndGlobalSection
	GlobalSection(ProjectConfigurationPlatforms) = postSolution
		{871FFD48-507B-4784-9501-F56599CB8075}.Debug|Any CPU.ActiveCfg = Debug|Windows Phone
		{871FFD48-507B-4784-9501-F56599CB8075}.Debug|Mixed Platforms.ActiveCfg = Debug|Windows Phone
		{871FFD48-507B-4784-9501-F56599CB8075}.Debug|Mixed Platforms.Build.0 = Debug|Windows Phone
		{871FFD48-507B-4784-9501-F56599CB8075}.Debug|Mixed Platforms.Deploy.0 = Debug|Windows Phone
		{871FFD48-507B-4784-9501-F56599CB8075}.Debug|Windows Phone.ActiveCfg = Debug|Windows Phone
		{871FFD48-507B-4784-9501-F56599CB8075}.Debug|Windows Phone.Build.0 = Debug|Windows Phone
		{871FFD48-507B-4784-9501-F56599CB8075}.Debug|Windows Phone.Deploy.0 = Debug|Windows Phone
		{871FFD48-507B-4784-9501-F56599CB8075}.Release|Any CPU.ActiveCfg = Release|Windows Phone
		{871FFD48-507B-4784-9501-F56599CB8075}.Release|Mixed Platforms.ActiveCfg = Release|Windows Phone
		{871FFD48-507B-4784-9501-F56599CB8075}.Release|Mixed Platforms.Build.0 = Release|Windows Phone
		{871FFD48-507B-4784-9501-F56599CB8075}.Release|Mixed Platforms.Deploy.0 = Release|Windows Phone
		{871FFD48-507B-4784-9501-F56599CB8075}.Release|Windows Phone.ActiveCfg = Release|Windows Phone
		{871FFD48-507B-4784-9501-F56599CB8075}.Release|Windows Phone.Build.0 = Release|Windows Phone
		{871FFD48-507B-4784-9501-F56599CB8075}.Release|Windows Phone.Deploy.0 = Release|Windows Phone
		{D9FEA3BD-E505-4B17-849E-660D2210961C}.Debug|Any CPU.ActiveCfg = Debug|Any CPU
		{D9FEA3BD-E505-4B17-849E-660D2210961C}.Debug|Mixed Platforms.ActiveCfg = Debug|Any CPU
		{D9FEA3BD-E505-4B17-849E-660D2210961C}.Debug|Windows Phone.ActiveCfg = Debug|Any CPU
		{D9FEA3BD-E505-4B17-849E-660D2210961C}.Release|Any CPU.ActiveCfg = Debug|Any CPU
		{D9FEA3BD-E505-4B17-849E-660D2210961C}.Release|Mixed Platforms.ActiveCfg = Debug|Any CPU
		{D9FEA3BD-E505-4B17-849E-660D2210961C}.Release|Windows Phone.ActiveCfg = Debug|Any CPU
		{545640ED-7CE0-4DBE-A060-251C61F3AEF6}.Debug|Any CPU.ActiveCfg = Debug|Windows Phone
		{545640ED-7CE0-4DBE-A060-251C61F3AEF6}.Debug|Mixed Platforms.ActiveCfg = Debug|Windows Phone
		{545640ED-7CE0-4DBE-A060-251C61F3AEF6}.Debug|Mixed Platforms.Build.0 = Debug|Windows Phone
		{545640ED-7CE0-4DBE-A060-251C61F3AEF6}.Debug|Windows Phone.ActiveCfg = Debug|Windows Phone
		{545640ED-7CE0-4DBE-A060-251C61F3AEF6}.Debug|Windows Phone.Build.0 = Debug|Windows Phone
		{545640ED-7CE0-4DBE-A060-251C61F3AEF6}.Release|Any CPU.ActiveCfg = Release|Windows Phone
		{545640ED-7CE0-4DBE-A060-251C61F3AEF6}.Release|Mixed Platforms.ActiveCfg = Release|Windows Phone
		{545640ED-7CE0-4DBE-A060-251C61F3AEF6}.Release|Mixed Platforms.Build.0 = Release|Windows Phone
		{545640ED-7CE0-4DBE-A060-251C61F3AEF6}.Release|Windows Phone.ActiveCfg = Release|Windows Phone
		{545640ED-7CE0-4DBE-A060-251C61F3AEF6}.Release|Windows Phone.Build.0 = Release|Windows Phone
		{0A56FD4B-DA4D-4367-BBFE-7F39162AE702}.Debug|Any CPU.ActiveCfg = Debug|Any CPU
		{0A56FD4B-DA4D-4367-BBFE-7F39162AE702}.Debug|Any CPU.Build.0 = Debug|Any CPU
		{0A56FD4B-DA4D-4367-BBFE-7F39162AE702}.Debug|Mixed Platforms.ActiveCfg = Debug|Any CPU
		{0A56FD4B-DA4D-4367-BBFE-7F39162AE702}.Debug|Mixed Platforms.Build.0 = Debug|Any CPU
		{0A56FD4B-DA4D-4367-BBFE-7F39162AE702}.Debug|Windows Phone.ActiveCfg = Debug|Any CPU
		{0A56FD4B-DA4D-4367-BBFE-7F39162AE702}.Release|Any CPU.ActiveCfg = Release|Any CPU
		{0A56FD4B-DA4D-4367-BBFE-7F39162AE702}.Release|Any CPU.Build.0 = Release|Any CPU
		{0A56FD4B-DA4D-4367-BBFE-7F39162AE702}.Release|Mixed Platforms.ActiveCfg = Release|Any CPU
		{0A56FD4B-DA4D-4367-BBFE-7F39162AE702}.Release|Mixed Platforms.Build.0 = Release|Any CPU
		{0A56FD4B-DA4D-4367-BBFE-7F39162AE702}.Release|Windows Phone.ActiveCfg = Release|Any CPU
		{023AEA18-3EFB-4A00-B926-E449AB008EFE}.Debug|Any CPU.ActiveCfg = Debug|Any CPU
		{023AEA18-3EFB-4A00-B926-E449AB008EFE}.Debug|Any CPU.Build.0 = Debug|Any CPU
		{023AEA18-3EFB-4A00-B926-E449AB008EFE}.Debug|Mixed Platforms.ActiveCfg = Debug|Any CPU
		{023AEA18-3EFB-4A00-B926-E449AB008EFE}.Debug|Mixed Platforms.Build.0 = Debug|Any CPU
		{023AEA18-3EFB-4A00-B926-E449AB008EFE}.Debug|Windows Phone.ActiveCfg = Debug|Any CPU
		{023AEA18-3EFB-4A00-B926-E449AB008EFE}.Release|Any CPU.ActiveCfg = Release|Any CPU
		{023AEA18-3EFB-4A00-B926-E449AB008EFE}.Release|Any CPU.Build.0 = Release|Any CPU
		{023AEA18-3EFB-4A00-B926-E449AB008EFE}.Release|Mixed Platforms.ActiveCfg = Release|Any CPU
		{023AEA18-3EFB-4A00-B926-E449AB008EFE}.Release|Mixed Platforms.Build.0 = Release|Any CPU
		{023AEA18-3EFB-4A00-B926-E449AB008EFE}.Release|Windows Phone.ActiveCfg = Release|Any CPU
	EndGlobalSection
	GlobalSection(SolutionProperties) = preSolution
		HideSolutionNode = FALSE
	EndGlobalSection
	GlobalSection(NestedProjects) = preSolution
		{0A56FD4B-DA4D-4367-BBFE-7F39162AE702} = {5EDCFF94-560F-4EB3-A6D2-2159526A0780}
		{023AEA18-3EFB-4A00-B926-E449AB008EFE} = {5EDCFF94-560F-4EB3-A6D2-2159526A0780}
	EndGlobalSection
EndGlobal
